
Microsoft Visual Studio Solution File, Format Version 12.00
# Visual Studio Version 17
VisualStudioVersion = 17.0.31903.59
MinimumVisualStudioVersion = 10.0.40219.1
Project("{2150E333-8FDC-42A3-9474-1A3956D46DE8}") = "src", "src", "{827E0CD3-B72D-47B6-A68D-7590B98EB39B}"
EndProject
Project("{FAE04EC0-301F-11D3-BF4B-00C04F79EFBC}") = "ConfigVault.Core", "src\ConfigVault.Core\ConfigVault.Core.csproj", "{37209640-4E15-4BDE-B5EB-AE20071AADD0}"
EndProject
Project("{FAE04EC0-301F-11D3-BF4B-00C04F79EFBC}") = "ConfigVault.Api", "src\ConfigVault.Api\ConfigVault.Api.csproj", "{8DC76503-D027-4AA1-8EAB-E50230AC1CE1}"
EndProject
Project("{FAE04EC0-301F-11D3-BF4B-00C04F79EFBC}") = "ConfigVault.Tests", "src\ConfigVault.Tests\ConfigVault.Tests.csproj", "{8919FD59-8A8F-47F5-81BB-8E3DF436573A}"
EndProject
Global
	GlobalSection(SolutionConfigurationPlatforms) = preSolution
		Debug|Any CPU = Debug|Any CPU
		Debug|x64 = Debug|x64
		Debug|x86 = Debug|x86
		Release|Any CPU = Release|Any CPU
		Release|x64 = Release|x64
		Release|x86 = Release|x86
	EndGlobalSection
	GlobalSection(ProjectConfigurationPlatforms) = postSolution
		{37209640-4E15-4BDE-B5EB-AE20071AADD0}.Debug|Any CPU.ActiveCfg = Debug|Any CPU
		{37209640-4E15-4BDE-B5EB-AE20071AADD0}.Debug|Any CPU.Build.0 = Debug|Any CPU
		{37209640-4E15-4BDE-B5EB-AE20071AADD0}.Debug|x64.ActiveCfg = Debug|Any CPU
		{37209640-4E15-4BDE-B5EB-AE20071AADD0}.Debug|x64.Build.0 = Debug|Any CPU
		{37209640-4E15-4BDE-B5EB-AE20071AADD0}.Debug|x86.ActiveCfg = Debug|Any CPU
		{37209640-4E15-4BDE-B5EB-AE20071AADD0}.Debug|x86.Build.0 = Debug|Any CPU
		{37209640-4E15-4BDE-B5EB-AE20071AADD0}.Release|Any CPU.ActiveCfg = Release|Any CPU
		{37209640-4E15-4BDE-B5EB-AE20071AADD0}.Release|Any CPU.Build.0 = Release|Any CPU
		{37209640-4E15-4BDE-B5EB-AE20071AADD0}.Release|x64.ActiveCfg = Release|Any CPU
		{37209640-4E15-4BDE-B5EB-AE20071AADD0}.Release|x64.Build.0 = Release|Any CPU
		{37209640-4E15-4BDE-B5EB-AE20071AADD0}.Release|x86.ActiveCfg = Release|Any CPU
		{37209640-4E15-4BDE-B5EB-AE20071AADD0}.Release|x86.Build.0 = Release|Any CPU
		{8DC76503-D027-4AA1-8EAB-E50230AC1CE1}.Debug|Any CPU.ActiveCfg = Debug|Any CPU
		{8DC76503-D027-4AA1-8EAB-E50230AC1CE1}.Debug|Any CPU.Build.0 = Debug|Any CPU
		{8DC76503-D027-4AA1-8EAB-E50230AC1CE1}.Debug|x64.ActiveCfg = Debug|Any CPU
		{8DC76503-D027-4AA1-8EAB-E50230AC1CE1}.Debug|x64.Build.0 = Debug|Any CPU
		{8DC76503-D027-4AA1-8EAB-E50230AC1CE1}.Debug|x86.ActiveCfg = Debug|Any CPU
		{8DC76503-D027-4AA1-8EAB-E50230AC1CE1}.Debug|x86.Build.0 = Debug|Any CPU
		{8DC76503-D027-4AA1-8EAB-E50230AC1CE1}.Release|Any CPU.ActiveCfg = Release|Any CPU
		{8DC76503-D027-4AA1-8EAB-E50230AC1CE1}.Release|Any CPU.Build.0 = Release|Any CPU
		{8DC76503-D027-4AA1-8EAB-E50230AC1CE1}.Release|x64.ActiveCfg = Release|Any CPU
		{8DC76503-D027-4AA1-8EAB-E50230AC1CE1}.Release|x64.Build.0 = Release|Any CPU
		{8DC76503-D027-4AA1-8EAB-E50230AC1CE1}.Release|x86.ActiveCfg = Release|Any CPU
		{8DC76503-D027-4AA1-8EAB-E50230AC1CE1}.Release|x86.Build.0 = Release|Any CPU
		{8919FD59-8A8F-47F5-81BB-8E3DF436573A}.Debug|Any CPU.ActiveCfg = Debug|Any CPU
		{8919FD59-8A8F-47F5-81BB-8E3DF436573A}.Debug|Any CPU.Build.0 = Debug|Any CPU
		{8919FD59-8A8F-47F5-81BB-8E3DF436573A}.Debug|x64.ActiveCfg = Debug|Any CPU
		{8919FD59-8A8F-47F5-81BB-8E3DF436573A}.Debug|x64.Build.0 = Debug|Any CPU
		{8919FD59-8A8F-47F5-81BB-8E3DF436573A}.Debug|x86.ActiveCfg = Debug|Any CPU
		{8919FD59-8A8F-47F5-81BB-8E3DF436573A}.Debug|x86.Build.0 = Debug|Any CPU
		{8919FD59-8A8F-47F5-81BB-8E3DF436573A}.Release|Any CPU.ActiveCfg = Release|Any CPU
		{8919FD59-8A8F-47F5-81BB-8E3DF436573A}.Release|Any CPU.Build.0 = Release|Any CPU
		{8919FD59-8A8F-47F5-81BB-8E3DF436573A}.Release|x64.ActiveCfg = Release|Any CPU
		{8919FD59-8A8F-47F5-81BB-8E3DF436573A}.Release|x64.Build.0 = Release|Any CPU
		{8919FD59-8A8F-47F5-81BB-8E3DF436573A}.Release|x86.ActiveCfg = Release|Any CPU
		{8919FD59-8A8F-47F5-81BB-8E3DF436573A}.Release|x86.Build.0 = Release|Any CPU
	EndGlobalSection
	GlobalSection(SolutionProperties) = preSolution
		HideSolutionNode = FALSE
	EndGlobalSection
	GlobalSection(NestedProjects) = preSolution
		{37209640-4E15-4BDE-B5EB-AE20071AADD0} = {827E0CD3-B72D-47B6-A68D-7590B98EB39B}
		{8DC76503-D027-4AA1-8EAB-E50230AC1CE1} = {827E0CD3-B72D-47B6-A68D-7590B98EB39B}
		{8919FD59-8A8F-47F5-81BB-8E3DF436573A} = {827E0CD3-B72D-47B6-A68D-7590B98EB39B}
	EndGlobalSection
EndGlobal
